
Microsoft Visual Studio Solution File, Format Version 12.00
# Visual Studio 15
VisualStudioVersion = 15.0.28307.271
MinimumVisualStudioVersion = 10.0.40219.1
Project("{FAE04EC0-301F-11D3-BF4B-00C04F79EFBC}") = "Bank", "Bank\Bank.csproj", "{DFC9D5B0-8B1C-4A8E-9B2F-51602A981689}"
EndProject
Project("{FAE04EC0-301F-11D3-BF4B-00C04F79EFBC}") = "BankTest", "BankTest\BankTest.csproj", "{F3986DD0-791B-4274-9A69-379BC8FFB5D2}"
EndProject
Global
	GlobalSection(SolutionConfigurationPlatforms) = preSolution
		Debug|Any CPU = Debug|Any CPU
		Release|Any CPU = Release|Any CPU
	EndGlobalSection
	GlobalSection(ProjectConfigurationPlatforms) = postSolution
		{DFC9D5B0-8B1C-4A8E-9B2F-51602A981689}.Debug|Any CPU.ActiveCfg = Debug|Any CPU
		{DFC9D5B0-8B1C-4A8E-9B2F-51602A981689}.Debug|Any CPU.Build.0 = Debug|Any CPU
		{DFC9D5B0-8B1C-4A8E-9B2F-51602A981689}.Release|Any CPU.ActiveCfg = Release|Any CPU
		{DFC9D5B0-8B1C-4A8E-9B2F-51602A981689}.Release|Any CPU.Build.0 = Release|Any CPU
		{F3986DD0-791B-4274-9A69-379BC8FFB5D2}.Debug|Any CPU.ActiveCfg = Debug|Any CPU
		{F3986DD0-791B-4274-9A69-379BC8FFB5D2}.Debug|Any CPU.Build.0 = Debug|Any CPU
		{F3986DD0-791B-4274-9A69-379BC8FFB5D2}.Release|Any CPU.ActiveCfg = Release|Any CPU
		{F3986DD0-791B-4274-9A69-379BC8FFB5D2}.Release|Any CPU.Build.0 = Release|Any CPU
	EndGlobalSection
	GlobalSection(SolutionProperties) = preSolution
		HideSolutionNode = FALSE
	EndGlobalSection
	GlobalSection(ExtensibilityGlobals) = postSolution
		SolutionGuid = {0BD5D3A6-6E41-4E25-B34E-63AE8F160D30}
	EndGlobalSection
EndGlobal
